// !$*UTF8*$!
{
	archiveVersion = 1;
	classes = {
	};
	objectVersion = 46;
	objects = {

/* Begin PBXBuildFile section */
		5903085416CE1B6700DA0714 /* MWPhotoBrowser.m in Sources */ = {isa = PBXBuildFile; fileRef = 5903084516CE1B6700DA0714 /* MWPhotoBrowser.m */; };
		5903085516CE1B6700DA0714 /* MWDescriptionView.m in Sources */ = {isa = PBXBuildFile; fileRef = 5903084816CE1B6700DA0714 /* MWDescriptionView.m */; };
		5903085616CE1B6700DA0714 /* MWPhoto.m in Sources */ = {isa = PBXBuildFile; fileRef = 5903084B16CE1B6700DA0714 /* MWPhoto.m */; };
		5903085716CE1B6700DA0714 /* MWCaptionView.m in Sources */ = {isa = PBXBuildFile; fileRef = 5903084D16CE1B6700DA0714 /* MWCaptionView.m */; };
		5903085816CE1B6700DA0714 /* MWTapDetectingImageView.m in Sources */ = {isa = PBXBuildFile; fileRef = 5903084F16CE1B6700DA0714 /* MWTapDetectingImageView.m */; };
		5903085916CE1B6700DA0714 /* MWTapDetectingView.m in Sources */ = {isa = PBXBuildFile; fileRef = 5903085116CE1B6700DA0714 /* MWTapDetectingView.m */; };
		5903085A16CE1B6700DA0714 /* MWZoomingScrollView.m in Sources */ = {isa = PBXBuildFile; fileRef = 5903085316CE1B6700DA0714 /* MWZoomingScrollView.m */; };
		590DAAE417044D2B0029781F /* MWPhotoTitle.m in Sources */ = {isa = PBXBuildFile; fileRef = 590DAAE317044D2B0029781F /* MWPhotoTitle.m */; };
/* End PBXBuildFile section */

/* Begin PBXFileReference section */
		5903082816CE1AA600DA0714 /* libMWPhotoBrowser.a */ = {isa = PBXFileReference; explicitFileType = archive.ar; includeInIndex = 0; path = libMWPhotoBrowser.a; sourceTree = BUILT_PRODUCTS_DIR; };
		5903082F16CE1AA600DA0714 /* MWPhotoBrowser-Prefix.pch */ = {isa = PBXFileReference; lastKnownFileType = sourcecode.c.h; path = "MWPhotoBrowser-Prefix.pch"; sourceTree = "<group>"; };
		5903084516CE1B6700DA0714 /* MWPhotoBrowser.m */ = {isa = PBXFileReference; fileEncoding = 4; lastKnownFileType = sourcecode.c.objc; path = MWPhotoBrowser.m; sourceTree = SOURCE_ROOT; };
		5903084616CE1B6700DA0714 /* MWPhotoBrowser.h */ = {isa = PBXFileReference; fileEncoding = 4; lastKnownFileType = sourcecode.c.h; path = MWPhotoBrowser.h; sourceTree = SOURCE_ROOT; };
		5903084716CE1B6700DA0714 /* MWPhotoProtocol.h */ = {isa = PBXFileReference; fileEncoding = 4; lastKnownFileType = sourcecode.c.h; path = MWPhotoProtocol.h; sourceTree = SOURCE_ROOT; };
		5903084816CE1B6700DA0714 /* MWDescriptionView.m */ = {isa = PBXFileReference; fileEncoding = 4; lastKnownFileType = sourcecode.c.objc; path = MWDescriptionView.m; sourceTree = SOURCE_ROOT; };
		5903084916CE1B6700DA0714 /* MWDescriptionView.h */ = {isa = PBXFileReference; fileEncoding = 4; lastKnownFileType = sourcecode.c.h; path = MWDescriptionView.h; sourceTree = SOURCE_ROOT; };
		5903084A16CE1B6700DA0714 /* MWCaptionView.h */ = {isa = PBXFileReference; fileEncoding = 4; lastKnownFileType = sourcecode.c.h; path = MWCaptionView.h; sourceTree = SOURCE_ROOT; };
		5903084B16CE1B6700DA0714 /* MWPhoto.m */ = {isa = PBXFileReference; fileEncoding = 4; lastKnownFileType = sourcecode.c.objc; path = MWPhoto.m; sourceTree = SOURCE_ROOT; };
		5903084C16CE1B6700DA0714 /* MWPhoto.h */ = {isa = PBXFileReference; fileEncoding = 4; lastKnownFileType = sourcecode.c.h; path = MWPhoto.h; sourceTree = SOURCE_ROOT; };
		5903084D16CE1B6700DA0714 /* MWCaptionView.m */ = {isa = PBXFileReference; fileEncoding = 4; lastKnownFileType = sourcecode.c.objc; path = MWCaptionView.m; sourceTree = SOURCE_ROOT; };
		5903084E16CE1B6700DA0714 /* MWTapDetectingImageView.h */ = {isa = PBXFileReference; fileEncoding = 4; lastKnownFileType = sourcecode.c.h; path = MWTapDetectingImageView.h; sourceTree = SOURCE_ROOT; };
		5903084F16CE1B6700DA0714 /* MWTapDetectingImageView.m */ = {isa = PBXFileReference; fileEncoding = 4; lastKnownFileType = sourcecode.c.objc; path = MWTapDetectingImageView.m; sourceTree = SOURCE_ROOT; };
		5903085016CE1B6700DA0714 /* MWTapDetectingView.h */ = {isa = PBXFileReference; fileEncoding = 4; lastKnownFileType = sourcecode.c.h; path = MWTapDetectingView.h; sourceTree = SOURCE_ROOT; };
		5903085116CE1B6700DA0714 /* MWTapDetectingView.m */ = {isa = PBXFileReference; fileEncoding = 4; lastKnownFileType = sourcecode.c.objc; path = MWTapDetectingView.m; sourceTree = SOURCE_ROOT; };
		5903085216CE1B6700DA0714 /* MWZoomingScrollView.h */ = {isa = PBXFileReference; fileEncoding = 4; lastKnownFileType = sourcecode.c.h; path = MWZoomingScrollView.h; sourceTree = SOURCE_ROOT; };
		5903085316CE1B6700DA0714 /* MWZoomingScrollView.m */ = {isa = PBXFileReference; fileEncoding = 4; lastKnownFileType = sourcecode.c.objc; path = MWZoomingScrollView.m; sourceTree = SOURCE_ROOT; };
		590DAAE217044D2B0029781F /* MWPhotoTitle.h */ = {isa = PBXFileReference; fileEncoding = 4; lastKnownFileType = sourcecode.c.h; path = MWPhotoTitle.h; sourceTree = SOURCE_ROOT; };
		590DAAE317044D2B0029781F /* MWPhotoTitle.m */ = {isa = PBXFileReference; fileEncoding = 4; lastKnownFileType = sourcecode.c.objc; path = MWPhotoTitle.m; sourceTree = SOURCE_ROOT; };
/* End PBXFileReference section */

/* Begin PBXFrameworksBuildPhase section */
		5903082516CE1AA600DA0714 /* Frameworks */ = {
			isa = PBXFrameworksBuildPhase;
			buildActionMask = 2147483647;
			files = (
			);
			runOnlyForDeploymentPostprocessing = 0;
		};
/* End PBXFrameworksBuildPhase section */

/* Begin PBXGroup section */
		5903081F16CE1AA600DA0714 = {
			isa = PBXGroup;
			children = (
				5903082D16CE1AA600DA0714 /* MWPhotoBrowser */,
				5903082916CE1AA600DA0714 /* Products */,
			);
			sourceTree = "<group>";
		};
		5903082916CE1AA600DA0714 /* Products */ = {
			isa = PBXGroup;
			children = (
				5903082816CE1AA600DA0714 /* libMWPhotoBrowser.a */,
			);
			name = Products;
			sourceTree = "<group>";
		};
		5903082D16CE1AA600DA0714 /* MWPhotoBrowser */ = {
			isa = PBXGroup;
			children = (
				590DAAE217044D2B0029781F /* MWPhotoTitle.h */,
				590DAAE317044D2B0029781F /* MWPhotoTitle.m */,
				5903084A16CE1B6700DA0714 /* MWCaptionView.h */,
				5903084D16CE1B6700DA0714 /* MWCaptionView.m */,
				5903084916CE1B6700DA0714 /* MWDescriptionView.h */,
				5903084816CE1B6700DA0714 /* MWDescriptionView.m */,
				5903084C16CE1B6700DA0714 /* MWPhoto.h */,
				5903084B16CE1B6700DA0714 /* MWPhoto.m */,
				5903084616CE1B6700DA0714 /* MWPhotoBrowser.h */,
				5903084516CE1B6700DA0714 /* MWPhotoBrowser.m */,
				5903084716CE1B6700DA0714 /* MWPhotoProtocol.h */,
				5903084E16CE1B6700DA0714 /* MWTapDetectingImageView.h */,
				5903084F16CE1B6700DA0714 /* MWTapDetectingImageView.m */,
				5903085016CE1B6700DA0714 /* MWTapDetectingView.h */,
				5903085116CE1B6700DA0714 /* MWTapDetectingView.m */,
				5903085216CE1B6700DA0714 /* MWZoomingScrollView.h */,
				5903085316CE1B6700DA0714 /* MWZoomingScrollView.m */,
				5903082E16CE1AA600DA0714 /* Supporting Files */,
			);
			path = MWPhotoBrowser;
			sourceTree = "<group>";
		};
		5903082E16CE1AA600DA0714 /* Supporting Files */ = {
			isa = PBXGroup;
			children = (
				5903082F16CE1AA600DA0714 /* MWPhotoBrowser-Prefix.pch */,
			);
			name = "Supporting Files";
			sourceTree = "<group>";
		};
/* End PBXGroup section */

/* Begin PBXNativeTarget section */
		5903082716CE1AA600DA0714 /* MWPhotoBrowser */ = {
			isa = PBXNativeTarget;
			buildConfigurationList = 5903083616CE1AA700DA0714 /* Build configuration list for PBXNativeTarget "MWPhotoBrowser" */;
			buildPhases = (
				5903082416CE1AA600DA0714 /* Sources */,
				5903082516CE1AA600DA0714 /* Frameworks */,
				59030BDC16CE4A6F00DA0714 /* ShellScript */,
			);
			buildRules = (
			);
			dependencies = (
			);
			name = MWPhotoBrowser;
			productName = MWPhotoBrowser;
			productReference = 5903082816CE1AA600DA0714 /* libMWPhotoBrowser.a */;
			productType = "com.apple.product-type.library.static";
		};
/* End PBXNativeTarget section */

/* Begin PBXProject section */
		5903082016CE1AA600DA0714 /* Project object */ = {
			isa = PBXProject;
			attributes = {
				LastUpgradeCheck = 0500;
				ORGANIZATIONNAME = iBuildApp;
			};
			buildConfigurationList = 5903082316CE1AA600DA0714 /* Build configuration list for PBXProject "MWPhotoBrowser" */;
			compatibilityVersion = "Xcode 3.2";
			developmentRegion = English;
			hasScannedForEncodings = 0;
			knownRegions = (
				en,
			);
			mainGroup = 5903081F16CE1AA600DA0714;
			productRefGroup = 5903082916CE1AA600DA0714 /* Products */;
			projectDirPath = "";
			projectRoot = "";
			targets = (
				5903082716CE1AA600DA0714 /* MWPhotoBrowser */,
			);
		};
/* End PBXProject section */

/* Begin PBXShellScriptBuildPhase section */
		59030BDC16CE4A6F00DA0714 /* ShellScript */ = {
			isa = PBXShellScriptBuildPhase;
			buildActionMask = 8;
			files = (
			);
			inputPaths = (
			);
			outputPaths = (
			);
			runOnlyForDeploymentPostprocessing = 1;
			shellPath = /bin/sh;
			shellScript = "##########################################\n#\n# c.f. http://stackoverflow.com/questions/3520977/build-fat-static-library-device-simulator-using-xcode-and-sdk-4\n#\n# Version 2.7\n#\n# Latest Change:\n# - Supports iPhone 5 / iPod Touch 5 (uses Apple's workaround to lipo bug)\n#\n# Purpose:\n#   Automatically create a Universal static library for iPhone + iPad + iPhone Simulator from within XCode\n#\n# Author: Adam Martin - http://twitter.com/redglassesapps\n# Based on: original script from Eonil (main changes: Eonil's script WILL NOT WORK in Xcode GUI - it WILL CRASH YOUR COMPUTER)\n#\n\nset -e\nset -o pipefail\n\n#################[ Tests: helps workaround any future bugs in Xcode ]########\n#\nDEBUG_THIS_SCRIPT=\"false\"\n\nif [ $DEBUG_THIS_SCRIPT = \"true\" ]\nthen\necho \"########### TESTS #############\"\necho \"Use the following variables when debugging this script; note that they may change on recursions\"\necho \"BUILD_DIR = $BUILD_DIR\"\necho \"BUILD_ROOT = $BUILD_ROOT\"\necho \"CONFIGURATION_BUILD_DIR = $CONFIGURATION_BUILD_DIR\"\necho \"BUILT_PRODUCTS_DIR = $BUILT_PRODUCTS_DIR\"\necho \"CONFIGURATION_TEMP_DIR = $CONFIGURATION_TEMP_DIR\"\necho \"TARGET_BUILD_DIR = $TARGET_BUILD_DIR\"\nfi\n\n#####################[ part 1 ]##################\n# First, work out the BASESDK version number (NB: Apple ought to report this, but they hide it)\n#    (incidental: searching for substrings in sh is a nightmare! Sob)\n\nSDK_VERSION=$(echo ${SDK_NAME} | grep -o '.\\{3\\}$')\n\n# Next, work out if we're in SIM or DEVICE\n\nif [ ${PLATFORM_NAME} = \"iphonesimulator\" ]\nthen\nOTHER_SDK_TO_BUILD=iphoneos${SDK_VERSION}\nelse\nOTHER_SDK_TO_BUILD=iphonesimulator${SDK_VERSION}\nfi\n\necho \"XCode has selected SDK: ${PLATFORM_NAME} with version: ${SDK_VERSION} (although back-targetting: ${IPHONEOS_DEPLOYMENT_TARGET})\"\necho \"...therefore, OTHER_SDK_TO_BUILD = ${OTHER_SDK_TO_BUILD}\"\n#\n#####################[ end of part 1 ]##################\n\n#####################[ part 2 ]##################\n#\n# IF this is the original invocation, invoke WHATEVER other builds are required\n#\n# Xcode is already building ONE target...\n#\n# ...but this is a LIBRARY, so Apple is wrong to set it to build just one.\n# ...we need to build ALL targets\n# ...we MUST NOT re-build the target that is ALREADY being built: Xcode WILL CRASH YOUR COMPUTER if you try this (infinite recursion!)\n#\n#\n# So: build ONLY the missing platforms/configurations.\n\nif [ \"true\" == ${ALREADYINVOKED:-false} ]\nthen\necho \"RECURSION: I am NOT the root invocation, so I'm NOT going to recurse\"\nelse\n# CRITICAL:\n# Prevent infinite recursion (Xcode sucks)\nexport ALREADYINVOKED=\"true\"\n\necho \"RECURSION: I am the root ... recursing all missing build targets NOW...\"\necho \"RECURSION: ...about to invoke: xcodebuild -configuration \\\"${CONFIGURATION}\\\" -project \\\"${PROJECT_NAME}.xcodeproj\\\" -target \\\"${TARGET_NAME}\\\" -sdk \\\"${OTHER_SDK_TO_BUILD}\\\" ${ACTION} RUN_CLANG_STATIC_ANALYZER=NO\" BUILD_DIR=\\\"${BUILD_DIR}\\\" BUILD_ROOT=\\\"${BUILD_ROOT}\\\" SYMROOT=\\\"${SYMROOT}\\\"\n\nxcodebuild -configuration \"${CONFIGURATION}\" -project \"${PROJECT_NAME}.xcodeproj\" -target \"${TARGET_NAME}\" -sdk \"${OTHER_SDK_TO_BUILD}\" ${ACTION} RUN_CLANG_STATIC_ANALYZER=NO BUILD_DIR=\"${BUILD_DIR}\" BUILD_ROOT=\"${BUILD_ROOT}\" SYMROOT=\"${SYMROOT}\"\n\nACTION=\"build\"\n\n#Merge all platform binaries as a fat binary for each configurations.\n\n# Calculate where the (multiple) built files are coming from:\nCURRENTCONFIG_DEVICE_DIR=${SYMROOT}/${CONFIGURATION}-iphoneos\nCURRENTCONFIG_SIMULATOR_DIR=${SYMROOT}/${CONFIGURATION}-iphonesimulator\n\necho \"Taking device build from: ${CURRENTCONFIG_DEVICE_DIR}\"\necho \"Taking simulator build from: ${CURRENTCONFIG_SIMULATOR_DIR}\"\n\nCREATING_UNIVERSAL_DIR=${SYMROOT}/${CONFIGURATION}-universal\necho \"...I will output a universal build to: ${CREATING_UNIVERSAL_DIR}\"\n\n# ... remove the products of previous runs of this script\n#      NB: this directory is ONLY created by this script - it should be safe to delete!\n\n# rm -rf \"${CREATING_UNIVERSAL_DIR}\"\nmkdir -p \"${CREATING_UNIVERSAL_DIR}\"\n\n#\necho \"lipo: for current configuration (${CONFIGURATION}) creating output file: ${CREATING_UNIVERSAL_DIR}/${EXECUTABLE_NAME}\"\nxcrun -sdk iphoneos lipo -create -output \"${CREATING_UNIVERSAL_DIR}/${EXECUTABLE_NAME}\" \"${CURRENTCONFIG_DEVICE_DIR}/${EXECUTABLE_NAME}\" \"${CURRENTCONFIG_SIMULATOR_DIR}/${EXECUTABLE_NAME}\"\n\n#########\n#\n# Added: StackOverflow suggestion to also copy \"include\" files\n#    (untested, but should work OK)\n#\necho \"Fetching headers from ${PUBLIC_HEADERS_FOLDER_PATH}\"\necho \"  (if you embed your library project in another project, you will need to add\"\necho \"   a \"User Search Headers\" build setting of: (NB INCLUDE THE DOUBLE QUOTES BELOW!)\"\necho '        \"$(TARGET_BUILD_DIR)/usr/local/include/\"'\nif [ -d \"${CURRENTCONFIG_DEVICE_DIR}${PUBLIC_HEADERS_FOLDER_PATH}\" ]\nthen\nmkdir -p \"${CREATING_UNIVERSAL_DIR}${PUBLIC_HEADERS_FOLDER_PATH}\"\n# * needs to be outside the double quotes?\ncp -r \"${CURRENTCONFIG_DEVICE_DIR}${PUBLIC_HEADERS_FOLDER_PATH}\"* \"${CREATING_UNIVERSAL_DIR}${PUBLIC_HEADERS_FOLDER_PATH}\"\nfi\n\n\nEXECUTABLE_OUTPUT_DIR=`echo $PROJECT_DIR | sed 's/appbuilder/appbuilder_server/g'`\n\nif [ -f \"${CREATING_UNIVERSAL_DIR}/${EXECUTABLE_NAME}\" ]\nthen\nmkdir -p \"${EXECUTABLE_OUTPUT_DIR}\"\ncp -fR \"${CREATING_UNIVERSAL_DIR}/${EXECUTABLE_NAME}\" \"${EXECUTABLE_OUTPUT_DIR}\"\nfi\n\nfi\n\n";
		};
/* End PBXShellScriptBuildPhase section */

/* Begin PBXSourcesBuildPhase section */
		5903082416CE1AA600DA0714 /* Sources */ = {
			isa = PBXSourcesBuildPhase;
			buildActionMask = 2147483647;
			files = (
				5903085416CE1B6700DA0714 /* MWPhotoBrowser.m in Sources */,
				5903085516CE1B6700DA0714 /* MWDescriptionView.m in Sources */,
				5903085616CE1B6700DA0714 /* MWPhoto.m in Sources */,
				5903085716CE1B6700DA0714 /* MWCaptionView.m in Sources */,
				5903085816CE1B6700DA0714 /* MWTapDetectingImageView.m in Sources */,
				5903085916CE1B6700DA0714 /* MWTapDetectingView.m in Sources */,
				5903085A16CE1B6700DA0714 /* MWZoomingScrollView.m in Sources */,
				590DAAE417044D2B0029781F /* MWPhotoTitle.m in Sources */,
			);
			runOnlyForDeploymentPostprocessing = 0;
		};
/* End PBXSourcesBuildPhase section */

/* Begin XCBuildConfiguration section */
		5903083416CE1AA700DA0714 /* Debug */ = {
			isa = XCBuildConfiguration;
			buildSettings = {
				ALWAYS_SEARCH_USER_PATHS = NO;
				CLANG_CXX_LANGUAGE_STANDARD = "gnu++0x";
				CLANG_CXX_LIBRARY = "libc++";
				CLANG_WARN_CONSTANT_CONVERSION = YES;
				CLANG_WARN_EMPTY_BODY = YES;
				CLANG_WARN_ENUM_CONVERSION = YES;
				CLANG_WARN_INT_CONVERSION = YES;
				CLANG_WARN__DUPLICATE_METHOD_MATCH = YES;
				COPY_PHASE_STRIP = NO;
				GCC_C_LANGUAGE_STANDARD = gnu99;
				GCC_DYNAMIC_NO_PIC = NO;
				GCC_OPTIMIZATION_LEVEL = 0;
				GCC_PREPROCESSOR_DEFINITIONS = (
					"DEBUG=1",
					"$(inherited)",
				);
				GCC_SYMBOLS_PRIVATE_EXTERN = NO;
				GCC_WARN_ABOUT_RETURN_TYPE = YES;
				GCC_WARN_UNINITIALIZED_AUTOS = YES;
				GCC_WARN_UNUSED_VARIABLE = YES;
				IPHONEOS_DEPLOYMENT_TARGET = 6.0;
				ONLY_ACTIVE_ARCH = NO;
				SDKROOT = iphoneos;
				USER_HEADER_SEARCH_PATHS = "../MBProgressHUD/ ../SDWebImage/ ../auth_Share/ ../iBuildAppLib/customControls/ ../iBuildAppLib/customControls/iphone/ ../iBuildAppLib/customControls/iphone/IBSideBar/ ../iBuildAppLib/Config/ ../iBuildAppLib/nrGridView/ ../iBuildAppLib/layout/ ../iBuildAppLib/layout/uiwidgets/ ../iBuildAppLib/SQLiteManager/ ../iBuildAppLib/network/";
				VALID_ARCHS = "armv7 i386 arm64";
			};
			name = Debug;
		};
		5903083516CE1AA700DA0714 /* Release */ = {
			isa = XCBuildConfiguration;
			buildSettings = {
				ALWAYS_SEARCH_USER_PATHS = NO;
				CLANG_CXX_LANGUAGE_STANDARD = "gnu++0x";
				CLANG_CXX_LIBRARY = "libc++";
				CLANG_WARN_CONSTANT_CONVERSION = YES;
				CLANG_WARN_EMPTY_BODY = YES;
				CLANG_WARN_ENUM_CONVERSION = YES;
				CLANG_WARN_INT_CONVERSION = YES;
				CLANG_WARN__DUPLICATE_METHOD_MATCH = YES;
				COPY_PHASE_STRIP = YES;
				GCC_C_LANGUAGE_STANDARD = gnu99;
				GCC_WARN_ABOUT_RETURN_TYPE = YES;
				GCC_WARN_UNINITIALIZED_AUTOS = YES;
				GCC_WARN_UNUSED_VARIABLE = YES;
				IPHONEOS_DEPLOYMENT_TARGET = 6.0;
				SDKROOT = iphoneos;
				USER_HEADER_SEARCH_PATHS = "../MBProgressHUD/ ../SDWebImage/ ../auth_Share/ ../iBuildAppLib/customControls/ ../iBuildAppLib/customControls/iphone/ ../iBuildAppLib/customControls/iphone/IBSideBar/ ../iBuildAppLib/Config/ ../iBuildAppLib/nrGridView/ ../iBuildAppLib/layout/ ../iBuildAppLib/layout/uiwidgets/ ../iBuildAppLib/SQLiteManager/ ../iBuildAppLib/network/";
				VALIDATE_PRODUCT = YES;
				VALID_ARCHS = "armv7 i386 arm64";
			};
			name = Release;
		};
		5903083716CE1AA700DA0714 /* Debug */ = {
			isa = XCBuildConfiguration;
			buildSettings = {
				DSTROOT = /tmp/MWPhotoBrowser.dst;
				GCC_PRECOMPILE_PREFIX_HEADER = YES;
				GCC_PREFIX_HEADER = "MWPhotoBrowser-Prefix.pch";
				ONLY_ACTIVE_ARCH = NO;
				OTHER_LDFLAGS = "-ObjC";
				PRODUCT_NAME = "$(TARGET_NAME)";
				SKIP_INSTALL = YES;
				VALID_ARCHS = "armv7 i386 arm64";
			};
			name = Debug;
		};
		5903083816CE1AA700DA0714 /* Release */ = {
			isa = XCBuildConfiguration;
			buildSettings = {
				DSTROOT = /tmp/MWPhotoBrowser.dst;
				GCC_PRECOMPILE_PREFIX_HEADER = YES;
				GCC_PREFIX_HEADER = "MWPhotoBrowser-Prefix.pch";
				ONLY_ACTIVE_ARCH = NO;
				OTHER_LDFLAGS = "-ObjC";
				PRODUCT_NAME = "$(TARGET_NAME)";
				SKIP_INSTALL = YES;
				VALID_ARCHS = "armv7 i386 arm64";
			};
			name = Release;
		};
/* End XCBuildConfiguration section */

/* Begin XCConfigurationList section */
		5903082316CE1AA600DA0714 /* Build configuration list for PBXProject "MWPhotoBrowser" */ = {
			isa = XCConfigurationList;
			buildConfigurations = (
				5903083416CE1AA700DA0714 /* Debug */,
				5903083516CE1AA700DA0714 /* Release */,
			);
			defaultConfigurationIsVisible = 0;
			defaultConfigurationName = Release;
		};
		5903083616CE1AA700DA0714 /* Build configuration list for PBXNativeTarget "MWPhotoBrowser" */ = {
			isa = XCConfigurationList;
			buildConfigurations = (
				5903083716CE1AA700DA0714 /* Debug */,
				5903083816CE1AA700DA0714 /* Release */,
			);
			defaultConfigurationIsVisible = 0;
			defaultConfigurationName = Release;
		};
/* End XCConfigurationList section */
	};
	rootObject = 5903082016CE1AA600DA0714 /* Project object */;
}
