// !$*UTF8*$!
{
	archiveVersion = 1;
	classes = {
	};
	objectVersion = 46;
	objects = {

/* Begin PBXBuildFile section */
		37EBE9EB1CAA8418005F6200 /* IBSideBarAction.m in Sources */ = {isa = PBXBuildFile; fileRef = 37EBE9E01CAA8418005F6200 /* IBSideBarAction.m */; };
		37EBE9EC1CAA8418005F6200 /* IBSideBarActionListVC.m in Sources */ = {isa = PBXBuildFile; fileRef = 37EBE9E21CAA8418005F6200 /* IBSideBarActionListVC.m */; };
		37EBE9ED1CAA8418005F6200 /* IBSideBarModuleAction.m in Sources */ = {isa = PBXBuildFile; fileRef = 37EBE9E41CAA8418005F6200 /* IBSideBarModuleAction.m */; };
		37EBE9EE1CAA8418005F6200 /* IBSideBarTableViewCell.m in Sources */ = {isa = PBXBuildFile; fileRef = 37EBE9E61CAA8418005F6200 /* IBSideBarTableViewCell.m */; };
		37EBE9EF1CAA8418005F6200 /* IBSideBarVC.m in Sources */ = {isa = PBXBuildFile; fileRef = 37EBE9E81CAA8418005F6200 /* IBSideBarVC.m */; };
		37EBE9F01CAA8418005F6200 /* IBSideBarWidgetAction.m in Sources */ = {isa = PBXBuildFile; fileRef = 37EBE9EA1CAA8418005F6200 /* IBSideBarWidgetAction.m */; };
		37EBE9F31CAA842D005F6200 /* iphnavbardata.m in Sources */ = {isa = PBXBuildFile; fileRef = 37EBE9F21CAA842D005F6200 /* iphnavbardata.m */; };
		37EBE9FD1CAA845A005F6200 /* navigationbar.m in Sources */ = {isa = PBXBuildFile; fileRef = 37EBE9F51CAA845A005F6200 /* navigationbar.m */; };
		37EBE9FE1CAA845A005F6200 /* toolbar.m in Sources */ = {isa = PBXBuildFile; fileRef = 37EBE9F81CAA845A005F6200 /* toolbar.m */; };
		37EBE9FF1CAA845A005F6200 /* UINavigationBar+backgroundImage.m in Sources */ = {isa = PBXBuildFile; fileRef = 37EBE9FA1CAA845A005F6200 /* UINavigationBar+backgroundImage.m */; };
		37EBEA001CAA845A005F6200 /* WidgetsInfo.m in Sources */ = {isa = PBXBuildFile; fileRef = 37EBE9FC1CAA845A005F6200 /* WidgetsInfo.m */; };
		37EBEA091CAA847C005F6200 /* uiboxlayout.m in Sources */ = {isa = PBXBuildFile; fileRef = 37EBEA021CAA847C005F6200 /* uiboxlayout.m */; };
		37EBEA0A1CAA847C005F6200 /* uihboxlayout.m in Sources */ = {isa = PBXBuildFile; fileRef = 37EBEA041CAA847C005F6200 /* uihboxlayout.m */; };
		37EBEA0B1CAA847C005F6200 /* uivboxlayout.m in Sources */ = {isa = PBXBuildFile; fileRef = 37EBEA061CAA847C005F6200 /* uivboxlayout.m */; };
		37EBEA0C1CAA847C005F6200 /* uiwidgets.m in Sources */ = {isa = PBXBuildFile; fileRef = 37EBEA081CAA847C005F6200 /* uiwidgets.m */; };
		37EBEA2D1CAA84AB005F6200 /* boxlayout.m in Sources */ = {isa = PBXBuildFile; fileRef = 37EBEA0E1CAA84AB005F6200 /* boxlayout.m */; };
		37EBEA2E1CAA84AB005F6200 /* buttonwidget.m in Sources */ = {isa = PBXBuildFile; fileRef = 37EBEA101CAA84AB005F6200 /* buttonwidget.m */; };
		37EBEA2F1CAA84AB005F6200 /* customgridcell.m in Sources */ = {isa = PBXBuildFile; fileRef = 37EBEA121CAA84AB005F6200 /* customgridcell.m */; };
		37EBEA301CAA84AB005F6200 /* fontregistry.m in Sources */ = {isa = PBXBuildFile; fileRef = 37EBEA141CAA84AB005F6200 /* fontregistry.m */; };
		37EBEA311CAA84AB005F6200 /* gridwidget.m in Sources */ = {isa = PBXBuildFile; fileRef = 37EBEA161CAA84AB005F6200 /* gridwidget.m */; };
		37EBEA321CAA84AB005F6200 /* hboxlayout.m in Sources */ = {isa = PBXBuildFile; fileRef = 37EBEA181CAA84AB005F6200 /* hboxlayout.m */; };
		37EBEA331CAA84AB005F6200 /* labelwidget.m in Sources */ = {isa = PBXBuildFile; fileRef = 37EBEA1A1CAA84AB005F6200 /* labelwidget.m */; };
		37EBEA341CAA84AB005F6200 /* scrollwidget.m in Sources */ = {isa = PBXBuildFile; fileRef = 37EBEA1C1CAA84AB005F6200 /* scrollwidget.m */; };
		37EBEA351CAA84AB005F6200 /* textfieldwidget.m in Sources */ = {isa = PBXBuildFile; fileRef = 37EBEA1E1CAA84AB005F6200 /* textfieldwidget.m */; };
		37EBEA361CAA84AB005F6200 /* textwidget.m in Sources */ = {isa = PBXBuildFile; fileRef = 37EBEA201CAA84AB005F6200 /* textwidget.m */; };
		37EBEA371CAA84AB005F6200 /* UIView+corners.m in Sources */ = {isa = PBXBuildFile; fileRef = 37EBEA221CAA84AB005F6200 /* UIView+corners.m */; };
		37EBEA381CAA84AB005F6200 /* vboxlayout.m in Sources */ = {isa = PBXBuildFile; fileRef = 37EBEA241CAA84AB005F6200 /* vboxlayout.m */; };
		37EBEA391CAA84AB005F6200 /* widget.m in Sources */ = {isa = PBXBuildFile; fileRef = 37EBEA261CAA84AB005F6200 /* widget.m */; };
		37EBEA3A1CAA84AB005F6200 /* widgetbuilder.m in Sources */ = {isa = PBXBuildFile; fileRef = 37EBEA281CAA84AB005F6200 /* widgetbuilder.m */; };
		37EBEA3B1CAA84AB005F6200 /* widgettaphandler.m in Sources */ = {isa = PBXBuildFile; fileRef = 37EBEA2A1CAA84AB005F6200 /* widgettaphandler.m */; };
		37EBEA3C1CAA84AB005F6200 /* xmlwidgetparser.m in Sources */ = {isa = PBXBuildFile; fileRef = 37EBEA2C1CAA84AB005F6200 /* xmlwidgetparser.m */; };
		37EBEA421CAA84E5005F6200 /* appbuilderappconfig.m in Sources */ = {isa = PBXBuildFile; fileRef = 37EBEA3E1CAA84E5005F6200 /* appbuilderappconfig.m */; };
		37EBEA431CAA84E5005F6200 /* twitterid.m in Sources */ = {isa = PBXBuildFile; fileRef = 37EBEA401CAA84E5005F6200 /* twitterid.m */; };
		37EBEA541CAA8512005F6200 /* gradientselection.m in Sources */ = {isa = PBXBuildFile; fileRef = 37EBEA481CAA8512005F6200 /* gradientselection.m */; };
		37EBEA551CAA8512005F6200 /* NRGridView.m in Sources */ = {isa = PBXBuildFile; fileRef = 37EBEA4B1CAA8512005F6200 /* NRGridView.m */; };
		37EBEA561CAA8512005F6200 /* NRGridViewCell.m in Sources */ = {isa = PBXBuildFile; fileRef = 37EBEA4D1CAA8512005F6200 /* NRGridViewCell.m */; };
		37EBEA571CAA8512005F6200 /* NRGridViewController.m in Sources */ = {isa = PBXBuildFile; fileRef = 37EBEA4F1CAA8512005F6200 /* NRGridViewController.m */; };
		37EBEA581CAA8512005F6200 /* NRLabel.m in Sources */ = {isa = PBXBuildFile; fileRef = 37EBEA531CAA8512005F6200 /* NRLabel.m */; };
		37EBEA751CAA8550005F6200 /* downloadindicator.m in Sources */ = {isa = PBXBuildFile; fileRef = 37EBEA5A1CAA8550005F6200 /* downloadindicator.m */; };
		37EBEA761CAA8550005F6200 /* downloadmanager.m in Sources */ = {isa = PBXBuildFile; fileRef = 37EBEA5C1CAA8550005F6200 /* downloadmanager.m */; };
		37EBEA771CAA8550005F6200 /* httpurlresponse_extesion.m in Sources */ = {isa = PBXBuildFile; fileRef = 37EBEA5E1CAA8550005F6200 /* httpurlresponse_extesion.m */; };
		37EBEA781CAA8550005F6200 /* IBURLLoader.m in Sources */ = {isa = PBXBuildFile; fileRef = 37EBEA601CAA8550005F6200 /* IBURLLoader.m */; };
		37EBEA791CAA8550005F6200 /* reachability.m in Sources */ = {isa = PBXBuildFile; fileRef = 37EBEA621CAA8550005F6200 /* reachability.m */; };
		37EBEA7A1CAA8550005F6200 /* SDCachedURLResponse.m in Sources */ = {isa = PBXBuildFile; fileRef = 37EBEA641CAA8550005F6200 /* SDCachedURLResponse.m */; };
		37EBEA7B1CAA8550005F6200 /* SDURLCache.m in Sources */ = {isa = PBXBuildFile; fileRef = 37EBEA661CAA8550005F6200 /* SDURLCache.m */; };
		37EBEA7C1CAA8550005F6200 /* thumbnailarray.m in Sources */ = {isa = PBXBuildFile; fileRef = 37EBEA681CAA8550005F6200 /* thumbnailarray.m */; };
		37EBEA7D1CAA8550005F6200 /* thumbnailcache.m in Sources */ = {isa = PBXBuildFile; fileRef = 37EBEA6A1CAA8550005F6200 /* thumbnailcache.m */; };
		37EBEA7E1CAA8550005F6200 /* urlimagedictionary.m in Sources */ = {isa = PBXBuildFile; fileRef = 37EBEA6C1CAA8550005F6200 /* urlimagedictionary.m */; };
		37EBEA7F1CAA8550005F6200 /* urlimageview.m in Sources */ = {isa = PBXBuildFile; fileRef = 37EBEA6E1CAA8550005F6200 /* urlimageview.m */; };
		37EBEA801CAA8550005F6200 /* urlloader.m in Sources */ = {isa = PBXBuildFile; fileRef = 37EBEA701CAA8550005F6200 /* urlloader.m */; };
		37EBEA811CAA8550005F6200 /* webdatadictionary.m in Sources */ = {isa = PBXBuildFile; fileRef = 37EBEA721CAA8550005F6200 /* webdatadictionary.m */; };
		37EBEA821CAA8550005F6200 /* webdataitem+image.m in Sources */ = {isa = PBXBuildFile; fileRef = 37EBEA741CAA8550005F6200 /* webdataitem+image.m */; };
		37EBEA861CAA8CA5005F6200 /* SQLiteManager+DefaultManager.m in Sources */ = {isa = PBXBuildFile; fileRef = 37EBEA851CAA8CA5005F6200 /* SQLiteManager+DefaultManager.m */; };
/* End PBXBuildFile section */

/* Begin PBXCopyFilesBuildPhase section */
		5ED6C56E1C916B96009CA944 /* CopyFiles */ = {
			isa = PBXCopyFilesBuildPhase;
			buildActionMask = 2147483647;
			dstPath = "include/$(PRODUCT_NAME)";
			dstSubfolderSpec = 16;
			files = (
			);
			runOnlyForDeploymentPostprocessing = 0;
		};
/* End PBXCopyFilesBuildPhase section */

/* Begin PBXFileReference section */
		37E31BDB1C9EC5FE0096BE74 /* iBuildAppLib-Prefix.pch */ = {isa = PBXFileReference; fileEncoding = 4; lastKnownFileType = sourcecode.c.h; path = "iBuildAppLib-Prefix.pch"; sourceTree = "<group>"; };
		37EBE9DF1CAA8418005F6200 /* IBSideBarAction.h */ = {isa = PBXFileReference; fileEncoding = 4; lastKnownFileType = sourcecode.c.h; name = IBSideBarAction.h; path = customControls/iphone/IBSideBar/IBSideBarAction.h; sourceTree = "<group>"; };
		37EBE9E01CAA8418005F6200 /* IBSideBarAction.m */ = {isa = PBXFileReference; fileEncoding = 4; lastKnownFileType = sourcecode.c.objc; name = IBSideBarAction.m; path = customControls/iphone/IBSideBar/IBSideBarAction.m; sourceTree = "<group>"; };
		37EBE9E11CAA8418005F6200 /* IBSideBarActionListVC.h */ = {isa = PBXFileReference; fileEncoding = 4; lastKnownFileType = sourcecode.c.h; name = IBSideBarActionListVC.h; path = customControls/iphone/IBSideBar/IBSideBarActionListVC.h; sourceTree = "<group>"; };
		37EBE9E21CAA8418005F6200 /* IBSideBarActionListVC.m */ = {isa = PBXFileReference; fileEncoding = 4; lastKnownFileType = sourcecode.c.objc; name = IBSideBarActionListVC.m; path = customControls/iphone/IBSideBar/IBSideBarActionListVC.m; sourceTree = "<group>"; };
		37EBE9E31CAA8418005F6200 /* IBSideBarModuleAction.h */ = {isa = PBXFileReference; fileEncoding = 4; lastKnownFileType = sourcecode.c.h; name = IBSideBarModuleAction.h; path = customControls/iphone/IBSideBar/IBSideBarModuleAction.h; sourceTree = "<group>"; };
		37EBE9E41CAA8418005F6200 /* IBSideBarModuleAction.m */ = {isa = PBXFileReference; fileEncoding = 4; lastKnownFileType = sourcecode.c.objc; name = IBSideBarModuleAction.m; path = customControls/iphone/IBSideBar/IBSideBarModuleAction.m; sourceTree = "<group>"; };
		37EBE9E51CAA8418005F6200 /* IBSideBarTableViewCell.h */ = {isa = PBXFileReference; fileEncoding = 4; lastKnownFileType = sourcecode.c.h; name = IBSideBarTableViewCell.h; path = customControls/iphone/IBSideBar/IBSideBarTableViewCell.h; sourceTree = "<group>"; };
		37EBE9E61CAA8418005F6200 /* IBSideBarTableViewCell.m */ = {isa = PBXFileReference; fileEncoding = 4; lastKnownFileType = sourcecode.c.objc; name = IBSideBarTableViewCell.m; path = customControls/iphone/IBSideBar/IBSideBarTableViewCell.m; sourceTree = "<group>"; };
		37EBE9E71CAA8418005F6200 /* IBSideBarVC.h */ = {isa = PBXFileReference; fileEncoding = 4; lastKnownFileType = sourcecode.c.h; name = IBSideBarVC.h; path = customControls/iphone/IBSideBar/IBSideBarVC.h; sourceTree = "<group>"; };
		37EBE9E81CAA8418005F6200 /* IBSideBarVC.m */ = {isa = PBXFileReference; fileEncoding = 4; lastKnownFileType = sourcecode.c.objc; name = IBSideBarVC.m; path = customControls/iphone/IBSideBar/IBSideBarVC.m; sourceTree = "<group>"; };
		37EBE9E91CAA8418005F6200 /* IBSideBarWidgetAction.h */ = {isa = PBXFileReference; fileEncoding = 4; lastKnownFileType = sourcecode.c.h; name = IBSideBarWidgetAction.h; path = customControls/iphone/IBSideBar/IBSideBarWidgetAction.h; sourceTree = "<group>"; };
		37EBE9EA1CAA8418005F6200 /* IBSideBarWidgetAction.m */ = {isa = PBXFileReference; fileEncoding = 4; lastKnownFileType = sourcecode.c.objc; name = IBSideBarWidgetAction.m; path = customControls/iphone/IBSideBar/IBSideBarWidgetAction.m; sourceTree = "<group>"; };
		37EBE9F11CAA842D005F6200 /* iphnavbardata.h */ = {isa = PBXFileReference; fileEncoding = 4; lastKnownFileType = sourcecode.c.h; name = iphnavbardata.h; path = customControls/iphone/iphnavbardata.h; sourceTree = "<group>"; };
		37EBE9F21CAA842D005F6200 /* iphnavbardata.m */ = {isa = PBXFileReference; fileEncoding = 4; lastKnownFileType = sourcecode.c.objc; name = iphnavbardata.m; path = customControls/iphone/iphnavbardata.m; sourceTree = "<group>"; };
		37EBE9F41CAA845A005F6200 /* navigationbar.h */ = {isa = PBXFileReference; fileEncoding = 4; lastKnownFileType = sourcecode.c.h; name = navigationbar.h; path = customControls/navigationbar.h; sourceTree = "<group>"; };
		37EBE9F51CAA845A005F6200 /* navigationbar.m */ = {isa = PBXFileReference; fileEncoding = 4; lastKnownFileType = sourcecode.c.objc; name = navigationbar.m; path = customControls/navigationbar.m; sourceTree = "<group>"; };
		37EBE9F61CAA845A005F6200 /* notifications.h */ = {isa = PBXFileReference; fileEncoding = 4; lastKnownFileType = sourcecode.c.h; name = notifications.h; path = customControls/notifications.h; sourceTree = "<group>"; };
		37EBE9F71CAA845A005F6200 /* toolbar.h */ = {isa = PBXFileReference; fileEncoding = 4; lastKnownFileType = sourcecode.c.h; name = toolbar.h; path = customControls/toolbar.h; sourceTree = "<group>"; };
		37EBE9F81CAA845A005F6200 /* toolbar.m */ = {isa = PBXFileReference; fileEncoding = 4; lastKnownFileType = sourcecode.c.objc; name = toolbar.m; path = customControls/toolbar.m; sourceTree = "<group>"; };
		37EBE9F91CAA845A005F6200 /* UINavigationBar+backgroundImage.h */ = {isa = PBXFileReference; fileEncoding = 4; lastKnownFileType = sourcecode.c.h; name = "UINavigationBar+backgroundImage.h"; path = "customControls/UINavigationBar+backgroundImage.h"; sourceTree = "<group>"; };
		37EBE9FA1CAA845A005F6200 /* UINavigationBar+backgroundImage.m */ = {isa = PBXFileReference; fileEncoding = 4; lastKnownFileType = sourcecode.c.objc; name = "UINavigationBar+backgroundImage.m"; path = "customControls/UINavigationBar+backgroundImage.m"; sourceTree = "<group>"; };
		37EBE9FB1CAA845A005F6200 /* WidgetsInfo.h */ = {isa = PBXFileReference; fileEncoding = 4; lastKnownFileType = sourcecode.c.h; name = WidgetsInfo.h; path = customControls/WidgetsInfo.h; sourceTree = "<group>"; };
		37EBE9FC1CAA845A005F6200 /* WidgetsInfo.m */ = {isa = PBXFileReference; fileEncoding = 4; lastKnownFileType = sourcecode.c.objc; name = WidgetsInfo.m; path = customControls/WidgetsInfo.m; sourceTree = "<group>"; };
		37EBEA011CAA847C005F6200 /* uiboxlayout.h */ = {isa = PBXFileReference; fileEncoding = 4; lastKnownFileType = sourcecode.c.h; name = uiboxlayout.h; path = layout/uiwidgets/uiboxlayout.h; sourceTree = "<group>"; };
		37EBEA021CAA847C005F6200 /* uiboxlayout.m */ = {isa = PBXFileReference; fileEncoding = 4; lastKnownFileType = sourcecode.c.objc; name = uiboxlayout.m; path = layout/uiwidgets/uiboxlayout.m; sourceTree = "<group>"; };
		37EBEA031CAA847C005F6200 /* uihboxlayout.h */ = {isa = PBXFileReference; fileEncoding = 4; lastKnownFileType = sourcecode.c.h; name = uihboxlayout.h; path = layout/uiwidgets/uihboxlayout.h; sourceTree = "<group>"; };
		37EBEA041CAA847C005F6200 /* uihboxlayout.m */ = {isa = PBXFileReference; fileEncoding = 4; lastKnownFileType = sourcecode.c.objc; name = uihboxlayout.m; path = layout/uiwidgets/uihboxlayout.m; sourceTree = "<group>"; };
		37EBEA051CAA847C005F6200 /* uivboxlayout.h */ = {isa = PBXFileReference; fileEncoding = 4; lastKnownFileType = sourcecode.c.h; name = uivboxlayout.h; path = layout/uiwidgets/uivboxlayout.h; sourceTree = "<group>"; };
		37EBEA061CAA847C005F6200 /* uivboxlayout.m */ = {isa = PBXFileReference; fileEncoding = 4; lastKnownFileType = sourcecode.c.objc; name = uivboxlayout.m; path = layout/uiwidgets/uivboxlayout.m; sourceTree = "<group>"; };
		37EBEA071CAA847C005F6200 /* uiwidgets.h */ = {isa = PBXFileReference; fileEncoding = 4; lastKnownFileType = sourcecode.c.h; name = uiwidgets.h; path = layout/uiwidgets/uiwidgets.h; sourceTree = "<group>"; };
		37EBEA081CAA847C005F6200 /* uiwidgets.m */ = {isa = PBXFileReference; fileEncoding = 4; lastKnownFileType = sourcecode.c.objc; name = uiwidgets.m; path = layout/uiwidgets/uiwidgets.m; sourceTree = "<group>"; };
		37EBEA0D1CAA84AB005F6200 /* boxlayout.h */ = {isa = PBXFileReference; fileEncoding = 4; lastKnownFileType = sourcecode.c.h; name = boxlayout.h; path = layout/boxlayout.h; sourceTree = "<group>"; };
		37EBEA0E1CAA84AB005F6200 /* boxlayout.m */ = {isa = PBXFileReference; fileEncoding = 4; lastKnownFileType = sourcecode.c.objc; name = boxlayout.m; path = layout/boxlayout.m; sourceTree = "<group>"; };
		37EBEA0F1CAA84AB005F6200 /* buttonwidget.h */ = {isa = PBXFileReference; fileEncoding = 4; lastKnownFileType = sourcecode.c.h; name = buttonwidget.h; path = layout/buttonwidget.h; sourceTree = "<group>"; };
		37EBEA101CAA84AB005F6200 /* buttonwidget.m */ = {isa = PBXFileReference; fileEncoding = 4; lastKnownFileType = sourcecode.c.objc; name = buttonwidget.m; path = layout/buttonwidget.m; sourceTree = "<group>"; };
		37EBEA111CAA84AB005F6200 /* customgridcell.h */ = {isa = PBXFileReference; fileEncoding = 4; lastKnownFileType = sourcecode.c.h; name = customgridcell.h; path = layout/customgridcell.h; sourceTree = "<group>"; };
		37EBEA121CAA84AB005F6200 /* customgridcell.m */ = {isa = PBXFileReference; fileEncoding = 4; lastKnownFileType = sourcecode.c.objc; name = customgridcell.m; path = layout/customgridcell.m; sourceTree = "<group>"; };
		37EBEA131CAA84AB005F6200 /* fontregistry.h */ = {isa = PBXFileReference; fileEncoding = 4; lastKnownFileType = sourcecode.c.h; name = fontregistry.h; path = layout/fontregistry.h; sourceTree = "<group>"; };
		37EBEA141CAA84AB005F6200 /* fontregistry.m */ = {isa = PBXFileReference; fileEncoding = 4; lastKnownFileType = sourcecode.c.objc; name = fontregistry.m; path = layout/fontregistry.m; sourceTree = "<group>"; };
		37EBEA151CAA84AB005F6200 /* gridwidget.h */ = {isa = PBXFileReference; fileEncoding = 4; lastKnownFileType = sourcecode.c.h; name = gridwidget.h; path = layout/gridwidget.h; sourceTree = "<group>"; };
		37EBEA161CAA84AB005F6200 /* gridwidget.m */ = {isa = PBXFileReference; fileEncoding = 4; lastKnownFileType = sourcecode.c.objc; name = gridwidget.m; path = layout/gridwidget.m; sourceTree = "<group>"; };
		37EBEA171CAA84AB005F6200 /* hboxlayout.h */ = {isa = PBXFileReference; fileEncoding = 4; lastKnownFileType = sourcecode.c.h; name = hboxlayout.h; path = layout/hboxlayout.h; sourceTree = "<group>"; };
		37EBEA181CAA84AB005F6200 /* hboxlayout.m */ = {isa = PBXFileReference; fileEncoding = 4; lastKnownFileType = sourcecode.c.objc; name = hboxlayout.m; path = layout/hboxlayout.m; sourceTree = "<group>"; };
		37EBEA191CAA84AB005F6200 /* labelwidget.h */ = {isa = PBXFileReference; fileEncoding = 4; lastKnownFileType = sourcecode.c.h; name = labelwidget.h; path = layout/labelwidget.h; sourceTree = "<group>"; };
		37EBEA1A1CAA84AB005F6200 /* labelwidget.m */ = {isa = PBXFileReference; fileEncoding = 4; lastKnownFileType = sourcecode.c.objc; name = labelwidget.m; path = layout/labelwidget.m; sourceTree = "<group>"; };
		37EBEA1B1CAA84AB005F6200 /* scrollwidget.h */ = {isa = PBXFileReference; fileEncoding = 4; lastKnownFileType = sourcecode.c.h; name = scrollwidget.h; path = layout/scrollwidget.h; sourceTree = "<group>"; };
		37EBEA1C1CAA84AB005F6200 /* scrollwidget.m */ = {isa = PBXFileReference; fileEncoding = 4; lastKnownFileType = sourcecode.c.objc; name = scrollwidget.m; path = layout/scrollwidget.m; sourceTree = "<group>"; };
		37EBEA1D1CAA84AB005F6200 /* textfieldwidget.h */ = {isa = PBXFileReference; fileEncoding = 4; lastKnownFileType = sourcecode.c.h; name = textfieldwidget.h; path = layout/textfieldwidget.h; sourceTree = "<group>"; };
		37EBEA1E1CAA84AB005F6200 /* textfieldwidget.m */ = {isa = PBXFileReference; fileEncoding = 4; lastKnownFileType = sourcecode.c.objc; name = textfieldwidget.m; path = layout/textfieldwidget.m; sourceTree = "<group>"; };
		37EBEA1F1CAA84AB005F6200 /* textwidget.h */ = {isa = PBXFileReference; fileEncoding = 4; lastKnownFileType = sourcecode.c.h; name = textwidget.h; path = layout/textwidget.h; sourceTree = "<group>"; };
		37EBEA201CAA84AB005F6200 /* textwidget.m */ = {isa = PBXFileReference; fileEncoding = 4; lastKnownFileType = sourcecode.c.objc; name = textwidget.m; path = layout/textwidget.m; sourceTree = "<group>"; };
		37EBEA211CAA84AB005F6200 /* UIView+corners.h */ = {isa = PBXFileReference; fileEncoding = 4; lastKnownFileType = sourcecode.c.h; name = "UIView+corners.h"; path = "layout/UIView+corners.h"; sourceTree = "<group>"; };
		37EBEA221CAA84AB005F6200 /* UIView+corners.m */ = {isa = PBXFileReference; fileEncoding = 4; lastKnownFileType = sourcecode.c.objc; name = "UIView+corners.m"; path = "layout/UIView+corners.m"; sourceTree = "<group>"; };
		37EBEA231CAA84AB005F6200 /* vboxlayout.h */ = {isa = PBXFileReference; fileEncoding = 4; lastKnownFileType = sourcecode.c.h; name = vboxlayout.h; path = layout/vboxlayout.h; sourceTree = "<group>"; };
		37EBEA241CAA84AB005F6200 /* vboxlayout.m */ = {isa = PBXFileReference; fileEncoding = 4; lastKnownFileType = sourcecode.c.objc; name = vboxlayout.m; path = layout/vboxlayout.m; sourceTree = "<group>"; };
		37EBEA251CAA84AB005F6200 /* widget.h */ = {isa = PBXFileReference; fileEncoding = 4; lastKnownFileType = sourcecode.c.h; name = widget.h; path = layout/widget.h; sourceTree = "<group>"; };
		37EBEA261CAA84AB005F6200 /* widget.m */ = {isa = PBXFileReference; fileEncoding = 4; lastKnownFileType = sourcecode.c.objc; name = widget.m; path = layout/widget.m; sourceTree = "<group>"; };
		37EBEA271CAA84AB005F6200 /* widgetbuilder.h */ = {isa = PBXFileReference; fileEncoding = 4; lastKnownFileType = sourcecode.c.h; name = widgetbuilder.h; path = layout/widgetbuilder.h; sourceTree = "<group>"; };
		37EBEA281CAA84AB005F6200 /* widgetbuilder.m */ = {isa = PBXFileReference; fileEncoding = 4; lastKnownFileType = sourcecode.c.objc; name = widgetbuilder.m; path = layout/widgetbuilder.m; sourceTree = "<group>"; };
		37EBEA291CAA84AB005F6200 /* widgettaphandler.h */ = {isa = PBXFileReference; fileEncoding = 4; lastKnownFileType = sourcecode.c.h; name = widgettaphandler.h; path = layout/widgettaphandler.h; sourceTree = "<group>"; };
		37EBEA2A1CAA84AB005F6200 /* widgettaphandler.m */ = {isa = PBXFileReference; fileEncoding = 4; lastKnownFileType = sourcecode.c.objc; name = widgettaphandler.m; path = layout/widgettaphandler.m; sourceTree = "<group>"; };
		37EBEA2B1CAA84AB005F6200 /* xmlwidgetparser.h */ = {isa = PBXFileReference; fileEncoding = 4; lastKnownFileType = sourcecode.c.h; name = xmlwidgetparser.h; path = layout/xmlwidgetparser.h; sourceTree = "<group>"; };
		37EBEA2C1CAA84AB005F6200 /* xmlwidgetparser.m */ = {isa = PBXFileReference; fileEncoding = 4; lastKnownFileType = sourcecode.c.objc; name = xmlwidgetparser.m; path = layout/xmlwidgetparser.m; sourceTree = "<group>"; };
		37EBEA3D1CAA84E5005F6200 /* appbuilderappconfig.h */ = {isa = PBXFileReference; fileEncoding = 4; lastKnownFileType = sourcecode.c.h; name = appbuilderappconfig.h; path = Config/appbuilderappconfig.h; sourceTree = "<group>"; };
		37EBEA3E1CAA84E5005F6200 /* appbuilderappconfig.m */ = {isa = PBXFileReference; fileEncoding = 4; lastKnownFileType = sourcecode.c.objc; name = appbuilderappconfig.m; path = Config/appbuilderappconfig.m; sourceTree = "<group>"; };
		37EBEA3F1CAA84E5005F6200 /* twitterid.h */ = {isa = PBXFileReference; fileEncoding = 4; lastKnownFileType = sourcecode.c.h; name = twitterid.h; path = Config/twitterid.h; sourceTree = "<group>"; };
		37EBEA401CAA84E5005F6200 /* twitterid.m */ = {isa = PBXFileReference; fileEncoding = 4; lastKnownFileType = sourcecode.c.objc; name = twitterid.m; path = Config/twitterid.m; sourceTree = "<group>"; };
		37EBEA411CAA84E5005F6200 /* userconfig.h */ = {isa = PBXFileReference; fileEncoding = 4; lastKnownFileType = sourcecode.c.h; name = userconfig.h; path = Config/userconfig.h; sourceTree = "<group>"; };
		37EBEA471CAA8512005F6200 /* gradientselection.h */ = {isa = PBXFileReference; fileEncoding = 4; lastKnownFileType = sourcecode.c.h; name = gradientselection.h; path = nrGridView/gradientselection.h; sourceTree = "<group>"; };
		37EBEA481CAA8512005F6200 /* gradientselection.m */ = {isa = PBXFileReference; fileEncoding = 4; lastKnownFileType = sourcecode.c.objc; name = gradientselection.m; path = nrGridView/gradientselection.m; sourceTree = "<group>"; };
		37EBEA491CAA8512005F6200 /* NRGridConstants.h */ = {isa = PBXFileReference; fileEncoding = 4; lastKnownFileType = sourcecode.c.h; name = NRGridConstants.h; path = nrGridView/NRGridConstants.h; sourceTree = "<group>"; };
		37EBEA4A1CAA8512005F6200 /* NRGridView.h */ = {isa = PBXFileReference; fileEncoding = 4; lastKnownFileType = sourcecode.c.h; name = NRGridView.h; path = nrGridView/NRGridView.h; sourceTree = "<group>"; };
		37EBEA4B1CAA8512005F6200 /* NRGridView.m */ = {isa = PBXFileReference; fileEncoding = 4; lastKnownFileType = sourcecode.c.objc; name = NRGridView.m; path = nrGridView/NRGridView.m; sourceTree = "<group>"; };
		37EBEA4C1CAA8512005F6200 /* NRGridViewCell.h */ = {isa = PBXFileReference; fileEncoding = 4; lastKnownFileType = sourcecode.c.h; name = NRGridViewCell.h; path = nrGridView/NRGridViewCell.h; sourceTree = "<group>"; };
		37EBEA4D1CAA8512005F6200 /* NRGridViewCell.m */ = {isa = PBXFileReference; fileEncoding = 4; lastKnownFileType = sourcecode.c.objc; name = NRGridViewCell.m; path = nrGridView/NRGridViewCell.m; sourceTree = "<group>"; };
		37EBEA4E1CAA8512005F6200 /* NRGridViewController.h */ = {isa = PBXFileReference; fileEncoding = 4; lastKnownFileType = sourcecode.c.h; name = NRGridViewController.h; path = nrGridView/NRGridViewController.h; sourceTree = "<group>"; };
		37EBEA4F1CAA8512005F6200 /* NRGridViewController.m */ = {isa = PBXFileReference; fileEncoding = 4; lastKnownFileType = sourcecode.c.objc; name = NRGridViewController.m; path = nrGridView/NRGridViewController.m; sourceTree = "<group>"; };
		37EBEA501CAA8512005F6200 /* NRGridViewDataSource.h */ = {isa = PBXFileReference; fileEncoding = 4; lastKnownFileType = sourcecode.c.h; name = NRGridViewDataSource.h; path = nrGridView/NRGridViewDataSource.h; sourceTree = "<group>"; };
		37EBEA511CAA8512005F6200 /* NRGridViewDelegate.h */ = {isa = PBXFileReference; fileEncoding = 4; lastKnownFileType = sourcecode.c.h; name = NRGridViewDelegate.h; path = nrGridView/NRGridViewDelegate.h; sourceTree = "<group>"; };
		37EBEA521CAA8512005F6200 /* NRLabel.h */ = {isa = PBXFileReference; fileEncoding = 4; lastKnownFileType = sourcecode.c.h; name = NRLabel.h; path = nrGridView/NRLabel.h; sourceTree = "<group>"; };
		37EBEA531CAA8512005F6200 /* NRLabel.m */ = {isa = PBXFileReference; fileEncoding = 4; lastKnownFileType = sourcecode.c.objc; name = NRLabel.m; path = nrGridView/NRLabel.m; sourceTree = "<group>"; };
		37EBEA591CAA8550005F6200 /* downloadindicator.h */ = {isa = PBXFileReference; fileEncoding = 4; lastKnownFileType = sourcecode.c.h; name = downloadindicator.h; path = network/downloadindicator.h; sourceTree = "<group>"; };
		37EBEA5A1CAA8550005F6200 /* downloadindicator.m */ = {isa = PBXFileReference; fileEncoding = 4; lastKnownFileType = sourcecode.c.objc; name = downloadindicator.m; path = network/downloadindicator.m; sourceTree = "<group>"; };
		37EBEA5B1CAA8550005F6200 /* downloadmanager.h */ = {isa = PBXFileReference; fileEncoding = 4; lastKnownFileType = sourcecode.c.h; name = downloadmanager.h; path = network/downloadmanager.h; sourceTree = "<group>"; };
		37EBEA5C1CAA8550005F6200 /* downloadmanager.m */ = {isa = PBXFileReference; fileEncoding = 4; lastKnownFileType = sourcecode.c.objc; name = downloadmanager.m; path = network/downloadmanager.m; sourceTree = "<group>"; };
		37EBEA5D1CAA8550005F6200 /* httpurlresponse_extesion.h */ = {isa = PBXFileReference; fileEncoding = 4; lastKnownFileType = sourcecode.c.h; name = httpurlresponse_extesion.h; path = network/httpurlresponse_extesion.h; sourceTree = "<group>"; };
		37EBEA5E1CAA8550005F6200 /* httpurlresponse_extesion.m */ = {isa = PBXFileReference; fileEncoding = 4; lastKnownFileType = sourcecode.c.objc; name = httpurlresponse_extesion.m; path = network/httpurlresponse_extesion.m; sourceTree = "<group>"; };
		37EBEA5F1CAA8550005F6200 /* IBURLLoader.h */ = {isa = PBXFileReference; fileEncoding = 4; lastKnownFileType = sourcecode.c.h; name = IBURLLoader.h; path = network/IBURLLoader.h; sourceTree = "<group>"; };
		37EBEA601CAA8550005F6200 /* IBURLLoader.m */ = {isa = PBXFileReference; fileEncoding = 4; lastKnownFileType = sourcecode.c.objc; name = IBURLLoader.m; path = network/IBURLLoader.m; sourceTree = "<group>"; };
		37EBEA611CAA8550005F6200 /* reachability.h */ = {isa = PBXFileReference; fileEncoding = 4; lastKnownFileType = sourcecode.c.h; name = reachability.h; path = network/reachability.h; sourceTree = "<group>"; };
		37EBEA621CAA8550005F6200 /* reachability.m */ = {isa = PBXFileReference; fileEncoding = 4; lastKnownFileType = sourcecode.c.objc; name = reachability.m; path = network/reachability.m; sourceTree = "<group>"; };
		37EBEA631CAA8550005F6200 /* SDCachedURLResponse.h */ = {isa = PBXFileReference; fileEncoding = 4; lastKnownFileType = sourcecode.c.h; name = SDCachedURLResponse.h; path = network/SDCachedURLResponse.h; sourceTree = "<group>"; };
		37EBEA641CAA8550005F6200 /* SDCachedURLResponse.m */ = {isa = PBXFileReference; fileEncoding = 4; lastKnownFileType = sourcecode.c.objc; name = SDCachedURLResponse.m; path = network/SDCachedURLResponse.m; sourceTree = "<group>"; };
		37EBEA651CAA8550005F6200 /* SDURLCache.h */ = {isa = PBXFileReference; fileEncoding = 4; lastKnownFileType = sourcecode.c.h; name = SDURLCache.h; path = network/SDURLCache.h; sourceTree = "<group>"; };
		37EBEA661CAA8550005F6200 /* SDURLCache.m */ = {isa = PBXFileReference; fileEncoding = 4; lastKnownFileType = sourcecode.c.objc; name = SDURLCache.m; path = network/SDURLCache.m; sourceTree = "<group>"; };
		37EBEA671CAA8550005F6200 /* thumbnailarray.h */ = {isa = PBXFileReference; fileEncoding = 4; lastKnownFileType = sourcecode.c.h; name = thumbnailarray.h; path = network/thumbnailarray.h; sourceTree = "<group>"; };
		37EBEA681CAA8550005F6200 /* thumbnailarray.m */ = {isa = PBXFileReference; fileEncoding = 4; lastKnownFileType = sourcecode.c.objc; name = thumbnailarray.m; path = network/thumbnailarray.m; sourceTree = "<group>"; };
		37EBEA691CAA8550005F6200 /* thumbnailcache.h */ = {isa = PBXFileReference; fileEncoding = 4; lastKnownFileType = sourcecode.c.h; name = thumbnailcache.h; path = network/thumbnailcache.h; sourceTree = "<group>"; };
		37EBEA6A1CAA8550005F6200 /* thumbnailcache.m */ = {isa = PBXFileReference; fileEncoding = 4; lastKnownFileType = sourcecode.c.objc; name = thumbnailcache.m; path = network/thumbnailcache.m; sourceTree = "<group>"; };
		37EBEA6B1CAA8550005F6200 /* urlimagedictionary.h */ = {isa = PBXFileReference; fileEncoding = 4; lastKnownFileType = sourcecode.c.h; name = urlimagedictionary.h; path = network/urlimagedictionary.h; sourceTree = "<group>"; };
		37EBEA6C1CAA8550005F6200 /* urlimagedictionary.m */ = {isa = PBXFileReference; fileEncoding = 4; lastKnownFileType = sourcecode.c.objc; name = urlimagedictionary.m; path = network/urlimagedictionary.m; sourceTree = "<group>"; };
		37EBEA6D1CAA8550005F6200 /* urlimageview.h */ = {isa = PBXFileReference; fileEncoding = 4; lastKnownFileType = sourcecode.c.h; name = urlimageview.h; path = network/urlimageview.h; sourceTree = "<group>"; };
		37EBEA6E1CAA8550005F6200 /* urlimageview.m */ = {isa = PBXFileReference; fileEncoding = 4; lastKnownFileType = sourcecode.c.objc; name = urlimageview.m; path = network/urlimageview.m; sourceTree = "<group>"; };
		37EBEA6F1CAA8550005F6200 /* urlloader.h */ = {isa = PBXFileReference; fileEncoding = 4; lastKnownFileType = sourcecode.c.h; name = urlloader.h; path = network/urlloader.h; sourceTree = "<group>"; };
		37EBEA701CAA8550005F6200 /* urlloader.m */ = {isa = PBXFileReference; fileEncoding = 4; lastKnownFileType = sourcecode.c.objc; name = urlloader.m; path = network/urlloader.m; sourceTree = "<group>"; };
		37EBEA711CAA8550005F6200 /* webdatadictionary.h */ = {isa = PBXFileReference; fileEncoding = 4; lastKnownFileType = sourcecode.c.h; name = webdatadictionary.h; path = network/webdatadictionary.h; sourceTree = "<group>"; };
		37EBEA721CAA8550005F6200 /* webdatadictionary.m */ = {isa = PBXFileReference; fileEncoding = 4; lastKnownFileType = sourcecode.c.objc; name = webdatadictionary.m; path = network/webdatadictionary.m; sourceTree = "<group>"; };
		37EBEA731CAA8550005F6200 /* webdataitem+image.h */ = {isa = PBXFileReference; fileEncoding = 4; lastKnownFileType = sourcecode.c.h; name = "webdataitem+image.h"; path = "network/webdataitem+image.h"; sourceTree = "<group>"; };
		37EBEA741CAA8550005F6200 /* webdataitem+image.m */ = {isa = PBXFileReference; fileEncoding = 4; lastKnownFileType = sourcecode.c.objc; name = "webdataitem+image.m"; path = "network/webdataitem+image.m"; sourceTree = "<group>"; };
		37EBEA841CAA8CA5005F6200 /* SQLiteManager+DefaultManager.h */ = {isa = PBXFileReference; fileEncoding = 4; lastKnownFileType = sourcecode.c.h; name = "SQLiteManager+DefaultManager.h"; path = "SQLiteManager/SQLiteManager+DefaultManager.h"; sourceTree = "<group>"; };
		37EBEA851CAA8CA5005F6200 /* SQLiteManager+DefaultManager.m */ = {isa = PBXFileReference; fileEncoding = 4; lastKnownFileType = sourcecode.c.objc; name = "SQLiteManager+DefaultManager.m"; path = "SQLiteManager/SQLiteManager+DefaultManager.m"; sourceTree = "<group>"; };
		5ED6C5701C916B96009CA944 /* libiBuildAppLib.a */ = {isa = PBXFileReference; explicitFileType = archive.ar; includeInIndex = 0; path = libiBuildAppLib.a; sourceTree = BUILT_PRODUCTS_DIR; };
/* End PBXFileReference section */

/* Begin PBXFrameworksBuildPhase section */
		5ED6C56D1C916B96009CA944 /* Frameworks */ = {
			isa = PBXFrameworksBuildPhase;
			buildActionMask = 2147483647;
			files = (
			);
			runOnlyForDeploymentPostprocessing = 0;
		};
/* End PBXFrameworksBuildPhase section */

/* Begin PBXGroup section */
		37E31BDA1C9EC5940096BE74 /* Supporting Files */ = {
			isa = PBXGroup;
			children = (
				37E31BDB1C9EC5FE0096BE74 /* iBuildAppLib-Prefix.pch */,
			);
			name = "Supporting Files";
			sourceTree = "<group>";
		};
		37EBE9D61CAA82CB005F6200 /* network */ = {
			isa = PBXGroup;
			children = (
				37EBEA591CAA8550005F6200 /* downloadindicator.h */,
				37EBEA5A1CAA8550005F6200 /* downloadindicator.m */,
				37EBEA5B1CAA8550005F6200 /* downloadmanager.h */,
				37EBEA5C1CAA8550005F6200 /* downloadmanager.m */,
				37EBEA5D1CAA8550005F6200 /* httpurlresponse_extesion.h */,
				37EBEA5E1CAA8550005F6200 /* httpurlresponse_extesion.m */,
				37EBEA5F1CAA8550005F6200 /* IBURLLoader.h */,
				37EBEA601CAA8550005F6200 /* IBURLLoader.m */,
				37EBEA611CAA8550005F6200 /* reachability.h */,
				37EBEA621CAA8550005F6200 /* reachability.m */,
				37EBEA631CAA8550005F6200 /* SDCachedURLResponse.h */,
				37EBEA641CAA8550005F6200 /* SDCachedURLResponse.m */,
				37EBEA651CAA8550005F6200 /* SDURLCache.h */,
				37EBEA661CAA8550005F6200 /* SDURLCache.m */,
				37EBEA671CAA8550005F6200 /* thumbnailarray.h */,
				37EBEA681CAA8550005F6200 /* thumbnailarray.m */,
				37EBEA691CAA8550005F6200 /* thumbnailcache.h */,
				37EBEA6A1CAA8550005F6200 /* thumbnailcache.m */,
				37EBEA6B1CAA8550005F6200 /* urlimagedictionary.h */,
				37EBEA6C1CAA8550005F6200 /* urlimagedictionary.m */,
				37EBEA6D1CAA8550005F6200 /* urlimageview.h */,
				37EBEA6E1CAA8550005F6200 /* urlimageview.m */,
				37EBEA6F1CAA8550005F6200 /* urlloader.h */,
				37EBEA701CAA8550005F6200 /* urlloader.m */,
				37EBEA711CAA8550005F6200 /* webdatadictionary.h */,
				37EBEA721CAA8550005F6200 /* webdatadictionary.m */,
				37EBEA731CAA8550005F6200 /* webdataitem+image.h */,
				37EBEA741CAA8550005F6200 /* webdataitem+image.m */,
			);
			name = network;
			sourceTree = "<group>";
		};
		37EBE9D71CAA8334005F6200 /* layout */ = {
			isa = PBXGroup;
			children = (
				37EBE9DC1CAA83BE005F6200 /* uiwidgets */,
				37EBEA0D1CAA84AB005F6200 /* boxlayout.h */,
				37EBEA0E1CAA84AB005F6200 /* boxlayout.m */,
				37EBEA0F1CAA84AB005F6200 /* buttonwidget.h */,
				37EBEA101CAA84AB005F6200 /* buttonwidget.m */,
				37EBEA111CAA84AB005F6200 /* customgridcell.h */,
				37EBEA121CAA84AB005F6200 /* customgridcell.m */,
				37EBEA131CAA84AB005F6200 /* fontregistry.h */,
				37EBEA141CAA84AB005F6200 /* fontregistry.m */,
				37EBEA151CAA84AB005F6200 /* gridwidget.h */,
				37EBEA161CAA84AB005F6200 /* gridwidget.m */,
				37EBEA171CAA84AB005F6200 /* hboxlayout.h */,
				37EBEA181CAA84AB005F6200 /* hboxlayout.m */,
				37EBEA191CAA84AB005F6200 /* labelwidget.h */,
				37EBEA1A1CAA84AB005F6200 /* labelwidget.m */,
				37EBEA1B1CAA84AB005F6200 /* scrollwidget.h */,
				37EBEA1C1CAA84AB005F6200 /* scrollwidget.m */,
				37EBEA1D1CAA84AB005F6200 /* textfieldwidget.h */,
				37EBEA1E1CAA84AB005F6200 /* textfieldwidget.m */,
				37EBEA1F1CAA84AB005F6200 /* textwidget.h */,
				37EBEA201CAA84AB005F6200 /* textwidget.m */,
				37EBEA211CAA84AB005F6200 /* UIView+corners.h */,
				37EBEA221CAA84AB005F6200 /* UIView+corners.m */,
				37EBEA231CAA84AB005F6200 /* vboxlayout.h */,
				37EBEA241CAA84AB005F6200 /* vboxlayout.m */,
				37EBEA251CAA84AB005F6200 /* widget.h */,
				37EBEA261CAA84AB005F6200 /* widget.m */,
				37EBEA271CAA84AB005F6200 /* widgetbuilder.h */,
				37EBEA281CAA84AB005F6200 /* widgetbuilder.m */,
				37EBEA291CAA84AB005F6200 /* widgettaphandler.h */,
				37EBEA2A1CAA84AB005F6200 /* widgettaphandler.m */,
				37EBEA2B1CAA84AB005F6200 /* xmlwidgetparser.h */,
				37EBEA2C1CAA84AB005F6200 /* xmlwidgetparser.m */,
			);
			name = layout;
			sourceTree = "<group>";
		};
		37EBE9D81CAA836D005F6200 /* nrGridView */ = {
			isa = PBXGroup;
			children = (
				37EBEA471CAA8512005F6200 /* gradientselection.h */,
				37EBEA481CAA8512005F6200 /* gradientselection.m */,
				37EBEA491CAA8512005F6200 /* NRGridConstants.h */,
				37EBEA4A1CAA8512005F6200 /* NRGridView.h */,
				37EBEA4B1CAA8512005F6200 /* NRGridView.m */,
				37EBEA4C1CAA8512005F6200 /* NRGridViewCell.h */,
				37EBEA4D1CAA8512005F6200 /* NRGridViewCell.m */,
				37EBEA4E1CAA8512005F6200 /* NRGridViewController.h */,
				37EBEA4F1CAA8512005F6200 /* NRGridViewController.m */,
				37EBEA501CAA8512005F6200 /* NRGridViewDataSource.h */,
				37EBEA511CAA8512005F6200 /* NRGridViewDelegate.h */,
				37EBEA521CAA8512005F6200 /* NRLabel.h */,
				37EBEA531CAA8512005F6200 /* NRLabel.m */,
			);
			name = nrGridView;
			sourceTree = "<group>";
		};
		37EBE9DA1CAA8390005F6200 /* Config */ = {
			isa = PBXGroup;
			children = (
				37EBEA3D1CAA84E5005F6200 /* appbuilderappconfig.h */,
				37EBEA3E1CAA84E5005F6200 /* appbuilderappconfig.m */,
				37EBEA3F1CAA84E5005F6200 /* twitterid.h */,
				37EBEA401CAA84E5005F6200 /* twitterid.m */,
				37EBEA411CAA84E5005F6200 /* userconfig.h */,
			);
			name = Config;
			sourceTree = "<group>";
		};
		37EBE9DB1CAA8397005F6200 /* customControls */ = {
			isa = PBXGroup;
			children = (
				37EBE9DD1CAA83DD005F6200 /* iphone */,
				37EBE9F41CAA845A005F6200 /* navigationbar.h */,
				37EBE9F51CAA845A005F6200 /* navigationbar.m */,
				37EBE9F61CAA845A005F6200 /* notifications.h */,
				37EBE9F71CAA845A005F6200 /* toolbar.h */,
				37EBE9F81CAA845A005F6200 /* toolbar.m */,
				37EBE9F91CAA845A005F6200 /* UINavigationBar+backgroundImage.h */,
				37EBE9FA1CAA845A005F6200 /* UINavigationBar+backgroundImage.m */,
				37EBE9FB1CAA845A005F6200 /* WidgetsInfo.h */,
				37EBE9FC1CAA845A005F6200 /* WidgetsInfo.m */,
			);
			name = customControls;
			sourceTree = "<group>";
		};
		37EBE9DC1CAA83BE005F6200 /* uiwidgets */ = {
			isa = PBXGroup;
			children = (
				37EBEA011CAA847C005F6200 /* uiboxlayout.h */,
				37EBEA021CAA847C005F6200 /* uiboxlayout.m */,
				37EBEA031CAA847C005F6200 /* uihboxlayout.h */,
				37EBEA041CAA847C005F6200 /* uihboxlayout.m */,
				37EBEA051CAA847C005F6200 /* uivboxlayout.h */,
				37EBEA061CAA847C005F6200 /* uivboxlayout.m */,
				37EBEA071CAA847C005F6200 /* uiwidgets.h */,
				37EBEA081CAA847C005F6200 /* uiwidgets.m */,
			);
			name = uiwidgets;
			sourceTree = "<group>";
		};
		37EBE9DD1CAA83DD005F6200 /* iphone */ = {
			isa = PBXGroup;
			children = (
				37EBE9DE1CAA83E5005F6200 /* IBSideBar */,
				37EBE9F11CAA842D005F6200 /* iphnavbardata.h */,
				37EBE9F21CAA842D005F6200 /* iphnavbardata.m */,
			);
			name = iphone;
			sourceTree = "<group>";
		};
		37EBE9DE1CAA83E5005F6200 /* IBSideBar */ = {
			isa = PBXGroup;
			children = (
				37EBE9DF1CAA8418005F6200 /* IBSideBarAction.h */,
				37EBE9E01CAA8418005F6200 /* IBSideBarAction.m */,
				37EBE9E11CAA8418005F6200 /* IBSideBarActionListVC.h */,
				37EBE9E21CAA8418005F6200 /* IBSideBarActionListVC.m */,
				37EBE9E31CAA8418005F6200 /* IBSideBarModuleAction.h */,
				37EBE9E41CAA8418005F6200 /* IBSideBarModuleAction.m */,
				37EBE9E51CAA8418005F6200 /* IBSideBarTableViewCell.h */,
				37EBE9E61CAA8418005F6200 /* IBSideBarTableViewCell.m */,
				37EBE9E71CAA8418005F6200 /* IBSideBarVC.h */,
				37EBE9E81CAA8418005F6200 /* IBSideBarVC.m */,
				37EBE9E91CAA8418005F6200 /* IBSideBarWidgetAction.h */,
				37EBE9EA1CAA8418005F6200 /* IBSideBarWidgetAction.m */,
			);
			name = IBSideBar;
			sourceTree = "<group>";
		};
		37EBEA831CAA8BF9005F6200 /* SQLiteManager */ = {
			isa = PBXGroup;
			children = (
				37EBEA841CAA8CA5005F6200 /* SQLiteManager+DefaultManager.h */,
				37EBEA851CAA8CA5005F6200 /* SQLiteManager+DefaultManager.m */,
			);
			name = SQLiteManager;
			sourceTree = "<group>";
		};
		5ED6C5671C916B96009CA944 = {
			isa = PBXGroup;
			children = (
				37EBE9DA1CAA8390005F6200 /* Config */,
				37EBE9DB1CAA8397005F6200 /* customControls */,
				37EBE9D71CAA8334005F6200 /* layout */,
				37EBE9D61CAA82CB005F6200 /* network */,
				37EBE9D81CAA836D005F6200 /* nrGridView */,
				5ED6C5711C916B96009CA944 /* Products */,
				37EBEA831CAA8BF9005F6200 /* SQLiteManager */,
				37E31BDA1C9EC5940096BE74 /* Supporting Files */,
			);
			sourceTree = "<group>";
		};
		5ED6C5711C916B96009CA944 /* Products */ = {
			isa = PBXGroup;
			children = (
				5ED6C5701C916B96009CA944 /* libiBuildAppLib.a */,
			);
			name = Products;
			sourceTree = "<group>";
		};
/* End PBXGroup section */

/* Begin PBXNativeTarget section */
		5ED6C56F1C916B96009CA944 /* iBuildAppLib */ = {
			isa = PBXNativeTarget;
			buildConfigurationList = 5ED6C5791C916B96009CA944 /* Build configuration list for PBXNativeTarget "iBuildAppLib" */;
			buildPhases = (
				5ED6C56C1C916B96009CA944 /* Sources */,
				5ED6C56D1C916B96009CA944 /* Frameworks */,
				5ED6C56E1C916B96009CA944 /* CopyFiles */,
			);
			buildRules = (
			);
			dependencies = (
			);
			name = iBuildAppLib;
			productName = iBuildAppLib;
			productReference = 5ED6C5701C916B96009CA944 /* libiBuildAppLib.a */;
			productType = "com.apple.product-type.library.static";
		};
/* End PBXNativeTarget section */

/* Begin PBXProject section */
		5ED6C5681C916B96009CA944 /* Project object */ = {
			isa = PBXProject;
			attributes = {
				LastUpgradeCheck = 0710;
				ORGANIZATIONNAME = iBuildApp;
				TargetAttributes = {
					5ED6C56F1C916B96009CA944 = {
						CreatedOnToolsVersion = 7.1;
					};
				};
			};
			buildConfigurationList = 5ED6C56B1C916B96009CA944 /* Build configuration list for PBXProject "iBuildAppLib" */;
			compatibilityVersion = "Xcode 3.2";
			developmentRegion = English;
			hasScannedForEncodings = 0;
			knownRegions = (
				en,
			);
			mainGroup = 5ED6C5671C916B96009CA944;
			productRefGroup = 5ED6C5711C916B96009CA944 /* Products */;
			projectDirPath = "";
			projectRoot = "";
			targets = (
				5ED6C56F1C916B96009CA944 /* iBuildAppLib */,
			);
		};
/* End PBXProject section */

/* Begin PBXSourcesBuildPhase section */
		5ED6C56C1C916B96009CA944 /* Sources */ = {
			isa = PBXSourcesBuildPhase;
			buildActionMask = 2147483647;
			files = (
				37EBEA0B1CAA847C005F6200 /* uivboxlayout.m in Sources */,
				37EBEA371CAA84AB005F6200 /* UIView+corners.m in Sources */,
				37EBEA351CAA84AB005F6200 /* textfieldwidget.m in Sources */,
				37EBEA7E1CAA8550005F6200 /* urlimagedictionary.m in Sources */,
				37EBEA761CAA8550005F6200 /* downloadmanager.m in Sources */,
				37EBE9EC1CAA8418005F6200 /* IBSideBarActionListVC.m in Sources */,
				37EBEA0A1CAA847C005F6200 /* uihboxlayout.m in Sources */,
				37EBE9EB1CAA8418005F6200 /* IBSideBarAction.m in Sources */,
				37EBEA541CAA8512005F6200 /* gradientselection.m in Sources */,
				37EBEA331CAA84AB005F6200 /* labelwidget.m in Sources */,
				37EBEA551CAA8512005F6200 /* NRGridView.m in Sources */,
				37EBEA301CAA84AB005F6200 /* fontregistry.m in Sources */,
				37EBEA321CAA84AB005F6200 /* hboxlayout.m in Sources */,
				37EBEA431CAA84E5005F6200 /* twitterid.m in Sources */,
				37EBEA2F1CAA84AB005F6200 /* customgridcell.m in Sources */,
				37EBEA361CAA84AB005F6200 /* textwidget.m in Sources */,
				37EBEA341CAA84AB005F6200 /* scrollwidget.m in Sources */,
				37EBEA001CAA845A005F6200 /* WidgetsInfo.m in Sources */,
				37EBE9ED1CAA8418005F6200 /* IBSideBarModuleAction.m in Sources */,
				37EBEA7D1CAA8550005F6200 /* thumbnailcache.m in Sources */,
				37EBEA781CAA8550005F6200 /* IBURLLoader.m in Sources */,
				37EBEA861CAA8CA5005F6200 /* SQLiteManager+DefaultManager.m in Sources */,
				37EBEA2E1CAA84AB005F6200 /* buttonwidget.m in Sources */,
				37EBEA801CAA8550005F6200 /* urlloader.m in Sources */,
				37EBEA811CAA8550005F6200 /* webdatadictionary.m in Sources */,
				37EBEA421CAA84E5005F6200 /* appbuilderappconfig.m in Sources */,
				37EBEA7A1CAA8550005F6200 /* SDCachedURLResponse.m in Sources */,
				37EBE9F01CAA8418005F6200 /* IBSideBarWidgetAction.m in Sources */,
				37EBEA0C1CAA847C005F6200 /* uiwidgets.m in Sources */,
				37EBE9EE1CAA8418005F6200 /* IBSideBarTableViewCell.m in Sources */,
				37EBEA381CAA84AB005F6200 /* vboxlayout.m in Sources */,
				37EBEA7B1CAA8550005F6200 /* SDURLCache.m in Sources */,
				37EBEA7F1CAA8550005F6200 /* urlimageview.m in Sources */,
				37EBEA571CAA8512005F6200 /* NRGridViewController.m in Sources */,
				37EBE9EF1CAA8418005F6200 /* IBSideBarVC.m in Sources */,
				37EBE9F31CAA842D005F6200 /* iphnavbardata.m in Sources */,
				37EBE9FD1CAA845A005F6200 /* navigationbar.m in Sources */,
				37EBEA091CAA847C005F6200 /* uiboxlayout.m in Sources */,
				37EBEA391CAA84AB005F6200 /* widget.m in Sources */,
				37EBEA2D1CAA84AB005F6200 /* boxlayout.m in Sources */,
				37EBEA3C1CAA84AB005F6200 /* xmlwidgetparser.m in Sources */,
				37EBEA3A1CAA84AB005F6200 /* widgetbuilder.m in Sources */,
				37EBEA311CAA84AB005F6200 /* gridwidget.m in Sources */,
				37EBE9FE1CAA845A005F6200 /* toolbar.m in Sources */,
				37EBEA821CAA8550005F6200 /* webdataitem+image.m in Sources */,
				37EBEA751CAA8550005F6200 /* downloadindicator.m in Sources */,
				37EBEA7C1CAA8550005F6200 /* thumbnailarray.m in Sources */,
				37EBEA791CAA8550005F6200 /* reachability.m in Sources */,
				37EBEA561CAA8512005F6200 /* NRGridViewCell.m in Sources */,
				37EBEA3B1CAA84AB005F6200 /* widgettaphandler.m in Sources */,
				37EBEA771CAA8550005F6200 /* httpurlresponse_extesion.m in Sources */,
				37EBE9FF1CAA845A005F6200 /* UINavigationBar+backgroundImage.m in Sources */,
				37EBEA581CAA8512005F6200 /* NRLabel.m in Sources */,
			);
			runOnlyForDeploymentPostprocessing = 0;
		};
/* End PBXSourcesBuildPhase section */

/* Begin XCBuildConfiguration section */
		5ED6C5771C916B96009CA944 /* Debug */ = {
			isa = XCBuildConfiguration;
			buildSettings = {
				ALWAYS_SEARCH_USER_PATHS = NO;
				CLANG_CXX_LANGUAGE_STANDARD = "gnu++0x";
				CLANG_CXX_LIBRARY = "libc++";
				CLANG_ENABLE_MODULES = YES;
				CLANG_ENABLE_OBJC_ARC = NO;
				CLANG_WARN_BOOL_CONVERSION = YES;
				CLANG_WARN_CONSTANT_CONVERSION = YES;
				CLANG_WARN_DIRECT_OBJC_ISA_USAGE = YES_ERROR;
				CLANG_WARN_EMPTY_BODY = YES;
				CLANG_WARN_ENUM_CONVERSION = YES;
				CLANG_WARN_INT_CONVERSION = YES;
				CLANG_WARN_OBJC_ROOT_CLASS = YES_ERROR;
				CLANG_WARN_UNREACHABLE_CODE = YES;
				CLANG_WARN__DUPLICATE_METHOD_MATCH = YES;
				"CODE_SIGN_IDENTITY[sdk=iphoneos*]" = "iPhone Developer";
				COPY_PHASE_STRIP = NO;
				DEBUG_INFORMATION_FORMAT = dwarf;
				ENABLE_STRICT_OBJC_MSGSEND = YES;
				ENABLE_TESTABILITY = YES;
				FRAMEWORK_SEARCH_PATHS = (
					../,
					../FacebookSDK/,
				);
				GCC_C_LANGUAGE_STANDARD = gnu99;
				GCC_DYNAMIC_NO_PIC = NO;
				GCC_NO_COMMON_BLOCKS = YES;
				GCC_OPTIMIZATION_LEVEL = 0;
				GCC_PREFIX_HEADER = "iBuildAppLib-Prefix.pch";
				GCC_PREPROCESSOR_DEFINITIONS = (
					"DEBUG=1",
					"$(inherited)",
				);
				GCC_WARN_64_TO_32_BIT_CONVERSION = YES;
				GCC_WARN_ABOUT_RETURN_TYPE = YES_ERROR;
				GCC_WARN_UNDECLARED_SELECTOR = YES;
				GCC_WARN_UNINITIALIZED_AUTOS = YES_AGGRESSIVE;
				GCC_WARN_UNUSED_FUNCTION = YES;
				GCC_WARN_UNUSED_VARIABLE = YES;
				IPHONEOS_DEPLOYMENT_TARGET = 6.0;
				MTL_ENABLE_DEBUG_INFO = YES;
				ONLY_ACTIVE_ARCH = YES;
				SDKROOT = iphoneos;
				USER_HEADER_SEARCH_PATHS = "../TBXML/TBXML-Headers/ ../MBProgressHUD/ ../SDWebImage/ ../IBPayments/IBPayments/ ../PayPalMobile/ ../SBJson/src/main/objc/ ../SQLiteManager/SQLiteManager/ ../Toolbox/";
			};
			name = Debug;
		};
		5ED6C5781C916B96009CA944 /* Release */ = {
			isa = XCBuildConfiguration;
			buildSettings = {
				ALWAYS_SEARCH_USER_PATHS = NO;
				CLANG_CXX_LANGUAGE_STANDARD = "gnu++0x";
				CLANG_CXX_LIBRARY = "libc++";
				CLANG_ENABLE_MODULES = YES;
				CLANG_ENABLE_OBJC_ARC = NO;
				CLANG_WARN_BOOL_CONVERSION = YES;
				CLANG_WARN_CONSTANT_CONVERSION = YES;
				CLANG_WARN_DIRECT_OBJC_ISA_USAGE = YES_ERROR;
				CLANG_WARN_EMPTY_BODY = YES;
				CLANG_WARN_ENUM_CONVERSION = YES;
				CLANG_WARN_INT_CONVERSION = YES;
				CLANG_WARN_OBJC_ROOT_CLASS = YES_ERROR;
				CLANG_WARN_UNREACHABLE_CODE = YES;
				CLANG_WARN__DUPLICATE_METHOD_MATCH = YES;
				"CODE_SIGN_IDENTITY[sdk=iphoneos*]" = "iPhone Developer";
				COPY_PHASE_STRIP = NO;
				DEBUG_INFORMATION_FORMAT = "dwarf-with-dsym";
				ENABLE_NS_ASSERTIONS = NO;
				ENABLE_STRICT_OBJC_MSGSEND = YES;
				FRAMEWORK_SEARCH_PATHS = (
					../,
					../FacebookSDK/,
				);
				GCC_C_LANGUAGE_STANDARD = gnu99;
				GCC_NO_COMMON_BLOCKS = YES;
				GCC_PREFIX_HEADER = "iBuildAppLib-Prefix.pch";
				GCC_WARN_64_TO_32_BIT_CONVERSION = YES;
				GCC_WARN_ABOUT_RETURN_TYPE = YES_ERROR;
				GCC_WARN_UNDECLARED_SELECTOR = YES;
				GCC_WARN_UNINITIALIZED_AUTOS = YES_AGGRESSIVE;
				GCC_WARN_UNUSED_FUNCTION = YES;
				GCC_WARN_UNUSED_VARIABLE = YES;
				IPHONEOS_DEPLOYMENT_TARGET = 6.0;
				MTL_ENABLE_DEBUG_INFO = NO;
				ONLY_ACTIVE_ARCH = YES;
				SDKROOT = iphoneos;
				USER_HEADER_SEARCH_PATHS = "../TBXML/TBXML-Headers/ ../MBProgressHUD/ ../SDWebImage/ ../IBPayments/IBPayments/ ../PayPalMobile/ ../SBJson/src/main/objc/ ../SQLiteManager/SQLiteManager/ ../Toolbox/";
				VALIDATE_PRODUCT = YES;
			};
			name = Release;
		};
		5ED6C57A1C916B96009CA944 /* Debug */ = {
			isa = XCBuildConfiguration;
			buildSettings = {
				OTHER_LDFLAGS = "-ObjC";
				PRODUCT_NAME = "$(TARGET_NAME)";
				SKIP_INSTALL = YES;
			};
			name = Debug;
		};
		5ED6C57B1C916B96009CA944 /* Release */ = {
			isa = XCBuildConfiguration;
			buildSettings = {
				OTHER_LDFLAGS = "-ObjC";
				PRODUCT_NAME = "$(TARGET_NAME)";
				SKIP_INSTALL = YES;
			};
			name = Release;
		};
/* End XCBuildConfiguration section */

/* Begin XCConfigurationList section */
		5ED6C56B1C916B96009CA944 /* Build configuration list for PBXProject "iBuildAppLib" */ = {
			isa = XCConfigurationList;
			buildConfigurations = (
				5ED6C5771C916B96009CA944 /* Debug */,
				5ED6C5781C916B96009CA944 /* Release */,
			);
			defaultConfigurationIsVisible = 0;
			defaultConfigurationName = Release;
		};
		5ED6C5791C916B96009CA944 /* Build configuration list for PBXNativeTarget "iBuildAppLib" */ = {
			isa = XCConfigurationList;
			buildConfigurations = (
				5ED6C57A1C916B96009CA944 /* Debug */,
				5ED6C57B1C916B96009CA944 /* Release */,
			);
			defaultConfigurationIsVisible = 0;
			defaultConfigurationName = Release;
		};
/* End XCConfigurationList section */
	};
	rootObject = 5ED6C5681C916B96009CA944 /* Project object */;
}
